
Microsoft Visual Studio Solution File, Format Version 12.00
# Visual Studio Version 16
VisualStudioVersion = 16.0.29209.152
MinimumVisualStudioVersion = 10.0.40219.1
Project("{2150E333-8FDC-42A3-9474-1A3956D46DE8}") = "Samples", "Samples", "{A918A5D4-D261-4DD4-A3BC-AD4ACD238A86}"
EndProject
Project("{2150E333-8FDC-42A3-9474-1A3956D46DE8}") = "Tests", "Tests", "{DA3220AD-3DBA-4102-B1D4-3ED8C39CC42D}"
EndProject
Project("{D954291E-2A0B-460D-934E-DC6B0785DB48}") = "Microsoft.Bot.Connector.Teams.Tests.Shared", "Tests\Microsoft.Bot.Connector.Teams.Tests.Shared\Microsoft.Bot.Connector.Teams.Tests.Shared.shproj", "{8E7D4C7E-7D02-4E8A-AFD5-1BE8879BB8A6}"
EndProject
Project("{FAE04EC0-301F-11D3-BF4B-00C04F79EFBC}") = "Packager", "Packager\Packager.csproj", "{AEC7B503-FA3F-49B3-A719-437F04710C71}"
EndProject
Project("{2150E333-8FDC-42A3-9474-1A3956D46DE8}") = "Library", "Library", "{EE047F8D-EAF6-4816-AE85-4FC6AD73656A}"
EndProject
Project("{D954291E-2A0B-460D-934E-DC6B0785DB48}") = "Microsoft.Bot.Connector.Teams.Shared", "Library\Microsoft.Bot.Connector.Teams.Shared\Microsoft.Bot.Connector.Teams.Shared.shproj", "{5D5F91D9-D2B4-4EF5-B0E4-39B9125A9018}"
EndProject
Project("{D954291E-2A0B-460D-934E-DC6B0785DB48}") = "Microsoft.Bot.Connector.Teams.SampleBot.Shared", "Samples\Microsoft.Bot.Connector.Teams.SampleBot.Shared\Microsoft.Bot.Connector.Teams.SampleBot.Shared.shproj", "{3AA653DD-A278-4C8D-A0C8-1DFD47446EC0}"
EndProject
Project("{9A19103F-16F7-4668-BE54-9A1E7A4F7556}") = "Microsoft.Bot.Connector.Teams.NetStandard", "Library\Microsoft.Bot.Connector.Teams.NetStandard\Microsoft.Bot.Connector.Teams.NetStandard.csproj", "{B507BDC9-3CEE-4FFB-B770-B798D4A7453D}"
EndProject
Project("{9A19103F-16F7-4668-BE54-9A1E7A4F7556}") = "Microsoft.Bot.Connector.Teams.SampleBot.ASPCore", "Samples\Microsoft.Bot.Connector.Teams.SampleBot.ASPCore\Microsoft.Bot.Connector.Teams.SampleBot.ASPCore.csproj", "{29E89046-0990-4EAD-9F4C-44969C64FF1B}"
EndProject
Global
	GlobalSection(SharedMSBuildProjectFiles) = preSolution
		Samples\Microsoft.Bot.Connector.Teams.SampleBot.Shared\Microsoft.Bot.Connector.Teams.SampleBot.Shared.projitems*{3aa653dd-a278-4c8d-a0c8-1dfd47446ec0}*SharedItemsImports = 13
		Library\Microsoft.Bot.Connector.Teams.Shared\Microsoft.Bot.Connector.Teams.Shared.projitems*{5d5f91d9-d2b4-4ef5-b0e4-39b9125a9018}*SharedItemsImports = 13
		Tests\Microsoft.Bot.Connector.Teams.Tests.Shared\Microsoft.Bot.Connector.Teams.Tests.Shared.projitems*{8e7d4c7e-7d02-4e8a-afd5-1be8879bb8a6}*SharedItemsImports = 13
	EndGlobalSection
	GlobalSection(SolutionConfigurationPlatforms) = preSolution
		Debug|Any CPU = Debug|Any CPU
		Release|Any CPU = Release|Any CPU
	EndGlobalSection
	GlobalSection(ProjectConfigurationPlatforms) = postSolution
		{AEC7B503-FA3F-49B3-A719-437F04710C71}.Debug|Any CPU.ActiveCfg = Debug|Any CPU
		{AEC7B503-FA3F-49B3-A719-437F04710C71}.Debug|Any CPU.Build.0 = Debug|Any CPU
		{AEC7B503-FA3F-49B3-A719-437F04710C71}.Release|Any CPU.ActiveCfg = Release|Any CPU
		{AEC7B503-FA3F-49B3-A719-437F04710C71}.Release|Any CPU.Build.0 = Release|Any CPU
		{B507BDC9-3CEE-4FFB-B770-B798D4A7453D}.Debug|Any CPU.ActiveCfg = Debug|Any CPU
		{B507BDC9-3CEE-4FFB-B770-B798D4A7453D}.Debug|Any CPU.Build.0 = Debug|Any CPU
		{B507BDC9-3CEE-4FFB-B770-B798D4A7453D}.Release|Any CPU.ActiveCfg = Release|Any CPU
		{B507BDC9-3CEE-4FFB-B770-B798D4A7453D}.Release|Any CPU.Build.0 = Release|Any CPU
		{29E89046-0990-4EAD-9F4C-44969C64FF1B}.Debug|Any CPU.ActiveCfg = Debug|Any CPU
		{29E89046-0990-4EAD-9F4C-44969C64FF1B}.Debug|Any CPU.Build.0 = Debug|Any CPU
		{29E89046-0990-4EAD-9F4C-44969C64FF1B}.Release|Any CPU.ActiveCfg = Release|Any CPU
		{29E89046-0990-4EAD-9F4C-44969C64FF1B}.Release|Any CPU.Build.0 = Release|Any CPU
	EndGlobalSection
	GlobalSection(SolutionProperties) = preSolution
		HideSolutionNode = FALSE
	EndGlobalSection
	GlobalSection(NestedProjects) = preSolution
		{8E7D4C7E-7D02-4E8A-AFD5-1BE8879BB8A6} = {DA3220AD-3DBA-4102-B1D4-3ED8C39CC42D}
		{5D5F91D9-D2B4-4EF5-B0E4-39B9125A9018} = {EE047F8D-EAF6-4816-AE85-4FC6AD73656A}
		{3AA653DD-A278-4C8D-A0C8-1DFD47446EC0} = {A918A5D4-D261-4DD4-A3BC-AD4ACD238A86}
		{B507BDC9-3CEE-4FFB-B770-B798D4A7453D} = {EE047F8D-EAF6-4816-AE85-4FC6AD73656A}
		{29E89046-0990-4EAD-9F4C-44969C64FF1B} = {A918A5D4-D261-4DD4-A3BC-AD4ACD238A86}
	EndGlobalSection
	GlobalSection(ExtensibilityGlobals) = postSolution
		EnterpriseLibraryConfigurationToolBinariesPathV6 = packages\EnterpriseLibrary.TransientFaultHandling.6.0.1304.0\lib\portable-net45+win+wp8
		SolutionGuid = {3BF664CD-C0FB-4DD4-B749-6B621AB9099E}
	EndGlobalSection
EndGlobal
